
Microsoft Visual Studio Solution File, Format Version 12.00
# Visual Studio Version 17
VisualStudioVersion = 17.6.33723.286
MinimumVisualStudioVersion = 10.0.40219.1
Project("{FAE04EC0-301F-11D3-BF4B-00C04F79EFBC}") = "PropiedadesAcceso", "PropiedadesAcceso\PropiedadesAcceso.csproj", "{ADB69940-A921-4298-B326-CC6383739003}"
EndProject
Global
	GlobalSection(SolutionConfigurationPlatforms) = preSolution
		Debug|Any CPU = Debug|Any CPU
		Release|Any CPU = Release|Any CPU
	EndGlobalSection
	GlobalSection(ProjectConfigurationPlatforms) = postSolution
		{ADB69940-A921-4298-B326-CC6383739003}.Debug|Any CPU.ActiveCfg = Debug|Any CPU
		{ADB69940-A921-4298-B326-CC6383739003}.Debug|Any CPU.Build.0 = Debug|Any CPU
		{ADB69940-A921-4298-B326-CC6383739003}.Release|Any CPU.ActiveCfg = Release|Any CPU
		{ADB69940-A921-4298-B326-CC6383739003}.Release|Any CPU.Build.0 = Release|Any CPU
	EndGlobalSection
	GlobalSection(SolutionProperties) = preSolution
		HideSolutionNode = FALSE
	EndGlobalSection
	GlobalSection(ExtensibilityGlobals) = postSolution
		SolutionGuid = {967583D8-0D87-4F68-A2F8-405E0E683DB8}
	EndGlobalSection
EndGlobal
