
Microsoft Visual Studio Solution File, Format Version 12.00
# Visual Studio Version 17
VisualStudioVersion = 17.6.33723.286
MinimumVisualStudioVersion = 10.0.40219.1
Project("{FAE04EC0-301F-11D3-BF4B-00C04F79EFBC}") = "LnzamientoExcepciones", "LnzamientoExcepciones\LnzamientoExcepciones.csproj", "{4D6BB682-67AB-4D15-B6AA-B04A02ADDC8E}"
EndProject
Global
	GlobalSection(SolutionConfigurationPlatforms) = preSolution
		Debug|Any CPU = Debug|Any CPU
		Release|Any CPU = Release|Any CPU
	EndGlobalSection
	GlobalSection(ProjectConfigurationPlatforms) = postSolution
		{4D6BB682-67AB-4D15-B6AA-B04A02ADDC8E}.Debug|Any CPU.ActiveCfg = Debug|Any CPU
		{4D6BB682-67AB-4D15-B6AA-B04A02ADDC8E}.Debug|Any CPU.Build.0 = Debug|Any CPU
		{4D6BB682-67AB-4D15-B6AA-B04A02ADDC8E}.Release|Any CPU.ActiveCfg = Release|Any CPU
		{4D6BB682-67AB-4D15-B6AA-B04A02ADDC8E}.Release|Any CPU.Build.0 = Release|Any CPU
	EndGlobalSection
	GlobalSection(SolutionProperties) = preSolution
		HideSolutionNode = FALSE
	EndGlobalSection
	GlobalSection(ExtensibilityGlobals) = postSolution
		SolutionGuid = {14D90AF6-4B6D-4353-B86F-B81E78F82423}
	EndGlobalSection
EndGlobal
