
Microsoft Visual Studio Solution File, Format Version 12.00
# Visual Studio Version 17
VisualStudioVersion = 17.6.33723.286
MinimumVisualStudioVersion = 10.0.40219.1
Project("{FAE04EC0-301F-11D3-BF4B-00C04F79EFBC}") = "EjercicioInterface", "EjercicioInterface\EjercicioInterface.csproj", "{F056BE46-58D6-49BE-B33C-20938743556A}"
EndProject
Global
	GlobalSection(SolutionConfigurationPlatforms) = preSolution
		Debug|Any CPU = Debug|Any CPU
		Release|Any CPU = Release|Any CPU
	EndGlobalSection
	GlobalSection(ProjectConfigurationPlatforms) = postSolution
		{F056BE46-58D6-49BE-B33C-20938743556A}.Debug|Any CPU.ActiveCfg = Debug|Any CPU
		{F056BE46-58D6-49BE-B33C-20938743556A}.Debug|Any CPU.Build.0 = Debug|Any CPU
		{F056BE46-58D6-49BE-B33C-20938743556A}.Release|Any CPU.ActiveCfg = Release|Any CPU
		{F056BE46-58D6-49BE-B33C-20938743556A}.Release|Any CPU.Build.0 = Release|Any CPU
	EndGlobalSection
	GlobalSection(SolutionProperties) = preSolution
		HideSolutionNode = FALSE
	EndGlobalSection
	GlobalSection(ExtensibilityGlobals) = postSolution
		SolutionGuid = {50D78A22-3393-4147-9418-418B34ADEEE8}
	EndGlobalSection
EndGlobal
